
Microsoft Visual Studio Solution File, Format Version 12.00
# Visual Studio Version 16
VisualStudioVersion = 16.0.30114.105
MinimumVisualStudioVersion = 10.0.40219.1
Project("{FAE04EC0-301F-11D3-BF4B-00C04F79EFBC}") = "NetBrick.Brick.Core", "NetBrick.Brick.Core\NetBrick.Brick.Core.csproj", "{AC9F5E32-1527-4511-BCB2-57F27CE52EAF}"
EndProject
Project("{FAE04EC0-301F-11D3-BF4B-00C04F79EFBC}") = "NetBrick.Brick", "NetBrick.Brick\NetBrick.Brick.csproj", "{5D257CA8-36EF-473C-AAC0-778099CF0DF8}"
EndProject
Global
	GlobalSection(SolutionConfigurationPlatforms) = preSolution
		Debug|Any CPU = Debug|Any CPU
		Release|Any CPU = Release|Any CPU
	EndGlobalSection
	GlobalSection(SolutionProperties) = preSolution
		HideSolutionNode = FALSE
	EndGlobalSection
	GlobalSection(ProjectConfigurationPlatforms) = postSolution
		{AC9F5E32-1527-4511-BCB2-57F27CE52EAF}.Debug|Any CPU.ActiveCfg = Debug|Any CPU
		{AC9F5E32-1527-4511-BCB2-57F27CE52EAF}.Debug|Any CPU.Build.0 = Debug|Any CPU
		{AC9F5E32-1527-4511-BCB2-57F27CE52EAF}.Release|Any CPU.ActiveCfg = Release|Any CPU
		{AC9F5E32-1527-4511-BCB2-57F27CE52EAF}.Release|Any CPU.Build.0 = Release|Any CPU
		{5D257CA8-36EF-473C-AAC0-778099CF0DF8}.Debug|Any CPU.ActiveCfg = Debug|Any CPU
		{5D257CA8-36EF-473C-AAC0-778099CF0DF8}.Debug|Any CPU.Build.0 = Debug|Any CPU
		{5D257CA8-36EF-473C-AAC0-778099CF0DF8}.Release|Any CPU.ActiveCfg = Release|Any CPU
		{5D257CA8-36EF-473C-AAC0-778099CF0DF8}.Release|Any CPU.Build.0 = Release|Any CPU
	EndGlobalSection
EndGlobal
